
Microsoft Visual Studio Solution File, Format Version 12.00
# Visual Studio Version 17
VisualStudioVersion = 17.0.31903.59
MinimumVisualStudioVersion = 10.0.40219.1
Project("{FAE04EC0-301F-11D3-BF4B-00C04F79EFBC}") = "Analyzer1", "Analyzer1\Analyzer1.csproj", "{92C5FDF0-1283-4D71-9410-894524C9685E}"
EndProject
Project("{FAE04EC0-301F-11D3-BF4B-00C04F79EFBC}") = "Analyzer2", "Analyzer2\Analyzer2.csproj", "{936FB8E2-2022-44C3-8F2D-002F7D4A8560}"
EndProject
Project("{FAE04EC0-301F-11D3-BF4B-00C04F79EFBC}") = "Consumer", "Consumer\Consumer.csproj", "{32AADC13-8CDC-43D0-A988-94242A5E2210}"
EndProject
Global
	GlobalSection(SolutionConfigurationPlatforms) = preSolution
		Debug|Any CPU = Debug|Any CPU
		Release|Any CPU = Release|Any CPU
	EndGlobalSection
	GlobalSection(SolutionProperties) = preSolution
		HideSolutionNode = FALSE
	EndGlobalSection
	GlobalSection(ProjectConfigurationPlatforms) = postSolution
		{92C5FDF0-1283-4D71-9410-894524C9685E}.Debug|Any CPU.ActiveCfg = Debug|Any CPU
		{92C5FDF0-1283-4D71-9410-894524C9685E}.Debug|Any CPU.Build.0 = Debug|Any CPU
		{92C5FDF0-1283-4D71-9410-894524C9685E}.Release|Any CPU.ActiveCfg = Release|Any CPU
		{92C5FDF0-1283-4D71-9410-894524C9685E}.Release|Any CPU.Build.0 = Release|Any CPU
		{936FB8E2-2022-44C3-8F2D-002F7D4A8560}.Debug|Any CPU.ActiveCfg = Debug|Any CPU
		{936FB8E2-2022-44C3-8F2D-002F7D4A8560}.Debug|Any CPU.Build.0 = Debug|Any CPU
		{936FB8E2-2022-44C3-8F2D-002F7D4A8560}.Release|Any CPU.ActiveCfg = Release|Any CPU
		{936FB8E2-2022-44C3-8F2D-002F7D4A8560}.Release|Any CPU.Build.0 = Release|Any CPU
		{32AADC13-8CDC-43D0-A988-94242A5E2210}.Debug|Any CPU.ActiveCfg = Debug|Any CPU
		{32AADC13-8CDC-43D0-A988-94242A5E2210}.Debug|Any CPU.Build.0 = Debug|Any CPU
		{32AADC13-8CDC-43D0-A988-94242A5E2210}.Release|Any CPU.ActiveCfg = Release|Any CPU
		{32AADC13-8CDC-43D0-A988-94242A5E2210}.Release|Any CPU.Build.0 = Release|Any CPU
	EndGlobalSection
EndGlobal
